
Microsoft Visual Studio Solution File, Format Version 12.00
# Visual Studio for Mac
Project("{FAE04EC0-301F-11D3-BF4B-00C04F79EFBC}") = "Assembly-CSharp", "Assembly-CSharp.csproj", "{ADBE05FE-320F-6F78-1502-296ED921C523}"
EndProject
Global
	GlobalSection(SolutionConfigurationPlatforms) = preSolution
		Debug|Any CPU = Debug|Any CPU
		Release|Any CPU = Release|Any CPU
	EndGlobalSection
	GlobalSection(ProjectConfigurationPlatforms) = postSolution
		{ADBE05FE-320F-6F78-1502-296ED921C523}.Debug|Any CPU.ActiveCfg = Debug|Any CPU
		{ADBE05FE-320F-6F78-1502-296ED921C523}.Debug|Any CPU.Build.0 = Debug|Any CPU
		{ADBE05FE-320F-6F78-1502-296ED921C523}.Release|Any CPU.ActiveCfg = Release|Any CPU
		{ADBE05FE-320F-6F78-1502-296ED921C523}.Release|Any CPU.Build.0 = Release|Any CPU
	EndGlobalSection
	GlobalSection(SolutionProperties) = preSolution
		HideSolutionNode = FALSE
	EndGlobalSection
EndGlobal
